<?xml version="1.0" encoding="utf-8"?>
<Project ToolsVersion="4.0" xmlns="http://schemas.microsoft.com/developer/msbuild/2003">
  <ItemGroup>
    <ClCompile Include="SubGUIClass.cpp">
      <Filter>Source Files</Filter>
    </ClCompile>
    <ClCompile Include="wxWidgetsApp.cpp">
      <Filter>Source Files</Filter>
    </ClCompile>
    <ClCompile Include="GUIClass.cpp">
      <Filter>wxFormBuilder Files</Filter>
    </ClCompile>
  </ItemGroup>
  <ItemGroup>
    <ClInclude Include="SubGUIClass.h">
      <Filter>Header Files</Filter>
    </ClInclude>
    <ClInclude Include="GUIClass.h">
      <Filter>wxFormBuilder Files</Filter>
    </ClInclude>
    <ClInclude Include="wxWidgetsApp.h">
      <Filter>Header Files</Filter>
    </ClInclude>
  </ItemGroup>
  <ItemGroup>
    <Filter Include="Header Files">
      <UniqueIdentifier>{79844a1b-09b7-4f17-b24b-d1e1102125f6}</UniqueIdentifier>
    </Filter>
    <Filter Include="Source Files">
      <UniqueIdentifier>{9ac5a4f5-72b8-442d-8a18-c6972875c836}</UniqueIdentifier>
    </Filter>
    <Filter Include="Resource Files">
      <UniqueIdentifier>{09dc1c40-6ff7-42b2-971d-795f33a3a0db}</UniqueIdentifier>
    </Filter>
    <Filter Include="wxFormBuilder Files">
      <UniqueIdentifier>{eb43bbed-49df-44fa-b6ee-b6791e1aa795}</UniqueIdentifier>
    </Filter>
  </ItemGroup>
  <ItemGroup>
    <None Include="calculator.fbp">
      <Filter>wxFormBuilder Files</Filter>
    </None>
  </ItemGroup>
</Project>